// !$*UTF8*$!
{
	archiveVersion = 1;
	classes = {
	};
	objectVersion = 50;
	objects = {

/* Begin PBXBuildFile section */
		B729390C26DEBC2400ABD499 /* AppDelegate.swift in Sources */ = {isa = PBXBuildFile; fileRef = B729390B26DEBC2400ABD499 /* AppDelegate.swift */; };
		B729390E26DEBC2400ABD499 /* SceneDelegate.swift in Sources */ = {isa = PBXBuildFile; fileRef = B729390D26DEBC2400ABD499 /* SceneDelegate.swift */; };
		B729391026DEBC2400ABD499 /* ViewController.swift in Sources */ = {isa = PBXBuildFile; fileRef = B729390F26DEBC2400ABD499 /* ViewController.swift */; };
		B729391326DEBC2400ABD499 /* Main.storyboard in Resources */ = {isa = PBXBuildFile; fileRef = B729391126DEBC2400ABD499 /* Main.storyboard */; };
		B729391526DEBC2500ABD499 /* Assets.xcassets in Resources */ = {isa = PBXBuildFile; fileRef = B729391426DEBC2500ABD499 /* Assets.xcassets */; };
		B729391826DEBC2500ABD499 /* LaunchScreen.storyboard in Resources */ = {isa = PBXBuildFile; fileRef = B729391626DEBC2500ABD499 /* LaunchScreen.storyboard */; };
		B729392326DEBC2500ABD499 /* PreworkTests.swift in Sources */ = {isa = PBXBuildFile; fileRef = B729392226DEBC2500ABD499 /* PreworkTests.swift */; };
		B729392E26DEBC2500ABD499 /* PreworkUITests.swift in Sources */ = {isa = PBXBuildFile; fileRef = B729392D26DEBC2500ABD499 /* PreworkUITests.swift */; };
/* End PBXBuildFile section */

/* Begin PBXContainerItemProxy section */
		B729391F26DEBC2500ABD499 /* PBXContainerItemProxy */ = {
			isa = PBXContainerItemProxy;
			containerPortal = B729390026DEBC2400ABD499 /* Project object */;
			proxyType = 1;
			remoteGlobalIDString = B729390726DEBC2400ABD499;
			remoteInfo = Prework;
		};
		B729392A26DEBC2500ABD499 /* PBXContainerItemProxy */ = {
			isa = PBXContainerItemProxy;
			containerPortal = B729390026DEBC2400ABD499 /* Project object */;
			proxyType = 1;
			remoteGlobalIDString = B729390726DEBC2400ABD499;
			remoteInfo = Prework;
		};
/* End PBXContainerItemProxy section */

/* Begin PBXFileReference section */
		B729390826DEBC2400ABD499 /* Prework.app */ = {isa = PBXFileReference; explicitFileType = wrapper.application; includeInIndex = 0; path = Prework.app; sourceTree = BUILT_PRODUCTS_DIR; };
		B729390B26DEBC2400ABD499 /* AppDelegate.swift */ = {isa = PBXFileReference; lastKnownFileType = sourcecode.swift; path = AppDelegate.swift; sourceTree = "<group>"; };
		B729390D26DEBC2400ABD499 /* SceneDelegate.swift */ = {isa = PBXFileReference; lastKnownFileType = sourcecode.swift; path = SceneDelegate.swift; sourceTree = "<group>"; };
		B729390F26DEBC2400ABD499 /* ViewController.swift */ = {isa = PBXFileReference; lastKnownFileType = sourcecode.swift; path = ViewController.swift; sourceTree = "<group>"; };
		B729391226DEBC2400ABD499 /* Base */ = {isa = PBXFileReference; lastKnownFileType = file.storyboard; name = Base; path = Base.lproj/Main.storyboard; sourceTree = "<group>"; };
		B729391426DEBC2500ABD499 /* Assets.xcassets */ = {isa = PBXFileReference; lastKnownFileType = folder.assetcatalog; path = Assets.xcassets; sourceTree = "<group>"; };
		B729391726DEBC2500ABD499 /* Base */ = {isa = PBXFileReference; lastKnownFileType = file.storyboard; name = Base; path = Base.lproj/LaunchScreen.storyboard; sourceTree = "<group>"; };
		B729391926DEBC2500ABD499 /* Info.plist */ = {isa = PBXFileReference; lastKnownFileType = text.plist.xml; path = Info.plist; sourceTree = "<group>"; };
		B729391E26DEBC2500ABD499 /* PreworkTests.xctest */ = {isa = PBXFileReference; explicitFileType = wrapper.cfbundle; includeInIndex = 0; path = PreworkTests.xctest; sourceTree = BUILT_PRODUCTS_DIR; };
		B729392226DEBC2500ABD499 /* PreworkTests.swift */ = {isa = PBXFileReference; lastKnownFileType = sourcecode.swift; path = PreworkTests.swift; sourceTree = "<group>"; };
		B729392426DEBC2500ABD499 /* Info.plist */ = {isa = PBXFileReference; lastKnownFileType = text.plist.xml; path = Info.plist; sourceTree = "<group>"; };
		B729392926DEBC2500ABD499 /* PreworkUITests.xctest */ = {isa = PBXFileReference; explicitFileType = wrapper.cfbundle; includeInIndex = 0; path = PreworkUITests.xctest; sourceTree = BUILT_PRODUCTS_DIR; };
		B729392D26DEBC2500ABD499 /* PreworkUITests.swift */ = {isa = PBXFileReference; lastKnownFileType = sourcecode.swift; path = PreworkUITests.swift; sourceTree = "<group>"; };
		B729392F26DEBC2500ABD499 /* Info.plist */ = {isa = PBXFileReference; lastKnownFileType = text.plist.xml; path = Info.plist; sourceTree = "<group>"; };
/* End PBXFileReference section */

/* Begin PBXFrameworksBuildPhase section */
		B729390526DEBC2400ABD499 /* Frameworks */ = {
			isa = PBXFrameworksBuildPhase;
			buildActionMask = 2147483647;
			files = (
			);
			runOnlyForDeploymentPostprocessing = 0;
		};
		B729391B26DEBC2500ABD499 /* Frameworks */ = {
			isa = PBXFrameworksBuildPhase;
			buildActionMask = 2147483647;
			files = (
			);
			runOnlyForDeploymentPostprocessing = 0;
		};
		B729392626DEBC2500ABD499 /* Frameworks */ = {
			isa = PBXFrameworksBuildPhase;
			buildActionMask = 2147483647;
			files = (
			);
			runOnlyForDeploymentPostprocessing = 0;
		};
/* End PBXFrameworksBuildPhase section */

/* Begin PBXGroup section */
		B72938FF26DEBC2400ABD499 = {
			isa = PBXGroup;
			children = (
				B729390A26DEBC2400ABD499 /* Prework */,
				B729392126DEBC2500ABD499 /* PreworkTests */,
				B729392C26DEBC2500ABD499 /* PreworkUITests */,
				B729390926DEBC2400ABD499 /* Products */,
			);
			sourceTree = "<group>";
		};
		B729390926DEBC2400ABD499 /* Products */ = {
			isa = PBXGroup;
			children = (
				B729390826DEBC2400ABD499 /* Prework.app */,
				B729391E26DEBC2500ABD499 /* PreworkTests.xctest */,
				B729392926DEBC2500ABD499 /* PreworkUITests.xctest */,
			);
			name = Products;
			sourceTree = "<group>";
		};
		B729390A26DEBC2400ABD499 /* Prework */ = {
			isa = PBXGroup;
			children = (
				B729390B26DEBC2400ABD499 /* AppDelegate.swift */,
				B729390D26DEBC2400ABD499 /* SceneDelegate.swift */,
				B729390F26DEBC2400ABD499 /* ViewController.swift */,
				B729391126DEBC2400ABD499 /* Main.storyboard */,
				B729391426DEBC2500ABD499 /* Assets.xcassets */,
				B729391626DEBC2500ABD499 /* LaunchScreen.storyboard */,
				B729391926DEBC2500ABD499 /* Info.plist */,
			);
			path = Prework;
			sourceTree = "<group>";
		};
		B729392126DEBC2500ABD499 /* PreworkTests */ = {
			isa = PBXGroup;
			children = (
				B729392226DEBC2500ABD499 /* PreworkTests.swift */,
				B729392426DEBC2500ABD499 /* Info.plist */,
			);
			path = PreworkTests;
			sourceTree = "<group>";
		};
		B729392C26DEBC2500ABD499 /* PreworkUITests */ = {
			isa = PBXGroup;
			children = (
				B729392D26DEBC2500ABD499 /* PreworkUITests.swift */,
				B729392F26DEBC2500ABD499 /* Info.plist */,
			);
			path = PreworkUITests;
			sourceTree = "<group>";
		};
/* End PBXGroup section */

/* Begin PBXNativeTarget section */
		B729390726DEBC2400ABD499 /* Prework */ = {
			isa = PBXNativeTarget;
			buildConfigurationList = B729393226DEBC2500ABD499 /* Build configuration list for PBXNativeTarget "Prework" */;
			buildPhases = (
				B729390426DEBC2400ABD499 /* Sources */,
				B729390526DEBC2400ABD499 /* Frameworks */,
				B729390626DEBC2400ABD499 /* Resources */,
			);
			buildRules = (
			);
			dependencies = (
			);
			name = Prework;
			productName = Prework;
			productReference = B729390826DEBC2400ABD499 /* Prework.app */;
			productType = "com.apple.product-type.application";
		};
		B729391D26DEBC2500ABD499 /* PreworkTests */ = {
			isa = PBXNativeTarget;
			buildConfigurationList = B729393526DEBC2500ABD499 /* Build configuration list for PBXNativeTarget "PreworkTests" */;
			buildPhases = (
				B729391A26DEBC2500ABD499 /* Sources */,
				B729391B26DEBC2500ABD499 /* Frameworks */,
				B729391C26DEBC2500ABD499 /* Resources */,
			);
			buildRules = (
			);
			dependencies = (
				B729392026DEBC2500ABD499 /* PBXTargetDependency */,
			);
			name = PreworkTests;
			productName = PreworkTests;
			productReference = B729391E26DEBC2500ABD499 /* PreworkTests.xctest */;
			productType = "com.apple.product-type.bundle.unit-test";
		};
		B729392826DEBC2500ABD499 /* PreworkUITests */ = {
			isa = PBXNativeTarget;
			buildConfigurationList = B729393826DEBC2500ABD499 /* Build configuration list for PBXNativeTarget "PreworkUITests" */;
			buildPhases = (
				B729392526DEBC2500ABD499 /* Sources */,
				B729392626DEBC2500ABD499 /* Frameworks */,
				B729392726DEBC2500ABD499 /* Resources */,
			);
			buildRules = (
			);
			dependencies = (
				B729392B26DEBC2500ABD499 /* PBXTargetDependency */,
			);
			name = PreworkUITests;
			productName = PreworkUITests;
			productReference = B729392926DEBC2500ABD499 /* PreworkUITests.xctest */;
			productType = "com.apple.product-type.bundle.ui-testing";
		};
/* End PBXNativeTarget section */

/* Begin PBXProject section */
		B729390026DEBC2400ABD499 /* Project object */ = {
			isa = PBXProject;
			attributes = {
				LastSwiftUpdateCheck = 1250;
				LastUpgradeCheck = 1250;
				TargetAttributes = {
					B729390726DEBC2400ABD499 = {
						CreatedOnToolsVersion = 12.5.1;
					};
					B729391D26DEBC2500ABD499 = {
						CreatedOnToolsVersion = 12.5.1;
						TestTargetID = B729390726DEBC2400ABD499;
					};
					B729392826DEBC2500ABD499 = {
						CreatedOnToolsVersion = 12.5.1;
						TestTargetID = B729390726DEBC2400ABD499;
					};
				};
			};
			buildConfigurationList = B729390326DEBC2400ABD499 /* Build configuration list for PBXProject "Prework" */;
			compatibilityVersion = "Xcode 9.3";
			developmentRegion = en;
			hasScannedForEncodings = 0;
			knownRegions = (
				en,
				Base,
			);
			mainGroup = B72938FF26DEBC2400ABD499;
			productRefGroup = B729390926DEBC2400ABD499 /* Products */;
			projectDirPath = "";
			projectRoot = "";
			targets = (
				B729390726DEBC2400ABD499 /* Prework */,
				B729391D26DEBC2500ABD499 /* PreworkTests */,
				B729392826DEBC2500ABD499 /* PreworkUITests */,
			);
		};
/* End PBXProject section */

/* Begin PBXResourcesBuildPhase section */
		B729390626DEBC2400ABD499 /* Resources */ = {
			isa = PBXResourcesBuildPhase;
			buildActionMask = 2147483647;
			files = (
				B729391826DEBC2500ABD499 /* LaunchScreen.storyboard in Resources */,
				B729391526DEBC2500ABD499 /* Assets.xcassets in Resources */,
				B729391326DEBC2400ABD499 /* Main.storyboard in Resources */,
			);
			runOnlyForDeploymentPostprocessing = 0;
		};
		B729391C26DEBC2500ABD499 /* Resources */ = {
			isa = PBXResourcesBuildPhase;
			buildActionMask = 2147483647;
			files = (
			);
			runOnlyForDeploymentPostprocessing = 0;
		};
		B729392726DEBC2500ABD499 /* Resources */ = {
			isa = PBXResourcesBuildPhase;
			buildActionMask = 2147483647;
			files = (
			);
			runOnlyForDeploymentPostprocessing = 0;
		};
/* End PBXResourcesBuildPhase section */

/* Begin PBXSourcesBuildPhase section */
		B729390426DEBC2400ABD499 /* Sources */ = {
			isa = PBXSourcesBuildPhase;
			buildActionMask = 2147483647;
			files = (
				B729391026DEBC2400ABD499 /* ViewController.swift in Sources */,
				B729390C26DEBC2400ABD499 /* AppDelegate.swift in Sources */,
				B729390E26DEBC2400ABD499 /* SceneDelegate.swift in Sources */,
			);
			runOnlyForDeploymentPostprocessing = 0;
		};
		B729391A26DEBC2500ABD499 /* Sources */ = {
			isa = PBXSourcesBuildPhase;
			buildActionMask = 2147483647;
			files = (
				B729392326DEBC2500ABD499 /* PreworkTests.swift in Sources */,
			);
			runOnlyForDeploymentPostprocessing = 0;
		};
		B729392526DEBC2500ABD499 /* Sources */ = {
			isa = PBXSourcesBuildPhase;
			buildActionMask = 2147483647;
			files = (
				B729392E26DEBC2500ABD499 /* PreworkUITests.swift in Sources */,
			);
			runOnlyForDeploymentPostprocessing = 0;
		};
/* End PBXSourcesBuildPhase section */

/* Begin PBXTargetDependency section */
		B729392026DEBC2500ABD499 /* PBXTargetDependency */ = {
			isa = PBXTargetDependency;
			target = B729390726DEBC2400ABD499 /* Prework */;
			targetProxy = B729391F26DEBC2500ABD499 /* PBXContainerItemProxy */;
		};
		B729392B26DEBC2500ABD499 /* PBXTargetDependency */ = {
			isa = PBXTargetDependency;
			target = B729390726DEBC2400ABD499 /* Prework */;
			targetProxy = B729392A26DEBC2500ABD499 /* PBXContainerItemProxy */;
		};
/* End PBXTargetDependency section */

/* Begin PBXVariantGroup section */
		B729391126DEBC2400ABD499 /* Main.storyboard */ = {
			isa = PBXVariantGroup;
			children = (
				B729391226DEBC2400ABD499 /* Base */,
			);
			name = Main.storyboard;
			sourceTree = "<group>";
		};
		B729391626DEBC2500ABD499 /* LaunchScreen.storyboard */ = {
			isa = PBXVariantGroup;
			children = (
				B729391726DEBC2500ABD499 /* Base */,
			);
			name = LaunchScreen.storyboard;
			sourceTree = "<group>";
		};
/* End PBXVariantGroup section */

/* Begin XCBuildConfiguration section */
		B729393026DEBC2500ABD499 /* Debug */ = {
			isa = XCBuildConfiguration;
			buildSettings = {
				ALWAYS_SEARCH_USER_PATHS = NO;
				CLANG_ANALYZER_NONNULL = YES;
				CLANG_ANALYZER_NUMBER_OBJECT_CONVERSION = YES_AGGRESSIVE;
				CLANG_CXX_LANGUAGE_STANDARD = "gnu++14";
				CLANG_CXX_LIBRARY = "libc++";
				CLANG_ENABLE_MODULES = YES;
				CLANG_ENABLE_OBJC_ARC = YES;
				CLANG_ENABLE_OBJC_WEAK = YES;
				CLANG_WARN_BLOCK_CAPTURE_AUTORELEASING = YES;
				CLANG_WARN_BOOL_CONVERSION = YES;
				CLANG_WARN_COMMA = YES;
				CLANG_WARN_CONSTANT_CONVERSION = YES;
				CLANG_WARN_DEPRECATED_OBJC_IMPLEMENTATIONS = YES;
				CLANG_WARN_DIRECT_OBJC_ISA_USAGE = YES_ERROR;
				CLANG_WARN_DOCUMENTATION_COMMENTS = YES;
				CLANG_WARN_EMPTY_BODY = YES;
				CLANG_WARN_ENUM_CONVERSION = YES;
				CLANG_WARN_INFINITE_RECURSION = YES;
				CLANG_WARN_INT_CONVERSION = YES;
				CLANG_WARN_NON_LITERAL_NULL_CONVERSION = YES;
				CLANG_WARN_OBJC_IMPLICIT_RETAIN_SELF = YES;
				CLANG_WARN_OBJC_LITERAL_CONVERSION = YES;
				CLANG_WARN_OBJC_ROOT_CLASS = YES_ERROR;
				CLANG_WARN_QUOTED_INCLUDE_IN_FRAMEWORK_HEADER = YES;
				CLANG_WARN_RANGE_LOOP_ANALYSIS = YES;
				CLANG_WARN_STRICT_PROTOTYPES = YES;
				CLANG_WARN_SUSPICIOUS_MOVE = YES;
				CLANG_WARN_UNGUARDED_AVAILABILITY = YES_AGGRESSIVE;
				CLANG_WARN_UNREACHABLE_CODE = YES;
				CLANG_WARN__DUPLICATE_METHOD_MATCH = YES;
				COPY_PHASE_STRIP = NO;
				DEBUG_INFORMATION_FORMAT = dwarf;
				ENABLE_STRICT_OBJC_MSGSEND = YES;
				ENABLE_TESTABILITY = YES;
				GCC_C_LANGUAGE_STANDARD = gnu11;
				GCC_DYNAMIC_NO_PIC = NO;
				GCC_NO_COMMON_BLOCKS = YES;
				GCC_OPTIMIZATION_LEVEL = 0;
				GCC_PREPROCESSOR_DEFINITIONS = (
					"DEBUG=1",
					"$(inherited)",
				);
				GCC_WARN_64_TO_32_BIT_CONVERSION = YES;
				GCC_WARN_ABOUT_RETURN_TYPE = YES_ERROR;
				GCC_WARN_UNDECLARED_SELECTOR = YES;
				GCC_WARN_UNINITIALIZED_AUTOS = YES_AGGRESSIVE;
				GCC_WARN_UNUSED_FUNCTION = YES;
				GCC_WARN_UNUSED_VARIABLE = YES;
				IPHONEOS_DEPLOYMENT_TARGET = 14.5;
				MTL_ENABLE_DEBUG_INFO = INCLUDE_SOURCE;
				MTL_FAST_MATH = YES;
				ONLY_ACTIVE_ARCH = YES;
				SDKROOT = iphoneos;
				SWIFT_ACTIVE_COMPILATION_CONDITIONS = DEBUG;
				SWIFT_OPTIMIZATION_LEVEL = "-Onone";
			};
			name = Debug;
		};
		B729393126DEBC2500ABD499 /* Release */ = {
			isa = XCBuildConfiguration;
			buildSettings = {
				ALWAYS_SEARCH_USER_PATHS = NO;
				CLANG_ANALYZER_NONNULL = YES;
				CLANG_ANALYZER_NUMBER_OBJECT_CONVERSION = YES_AGGRESSIVE;
				CLANG_CXX_LANGUAGE_STANDARD = "gnu++14";
				CLANG_CXX_LIBRARY = "libc++";
				CLANG_ENABLE_MODULES = YES;
				CLANG_ENABLE_OBJC_ARC = YES;
				CLANG_ENABLE_OBJC_WEAK = YES;
				CLANG_WARN_BLOCK_CAPTURE_AUTORELEASING = YES;
				CLANG_WARN_BOOL_CONVERSION = YES;
				CLANG_WARN_COMMA = YES;
				CLANG_WARN_CONSTANT_CONVERSION = YES;
				CLANG_WARN_DEPRECATED_OBJC_IMPLEMENTATIONS = YES;
				CLANG_WARN_DIRECT_OBJC_ISA_USAGE = YES_ERROR;
				CLANG_WARN_DOCUMENTATION_COMMENTS = YES;
				CLANG_WARN_EMPTY_BODY = YES;
				CLANG_WARN_ENUM_CONVERSION = YES;
				CLANG_WARN_INFINITE_RECURSION = YES;
				CLANG_WARN_INT_CONVERSION = YES;
				CLANG_WARN_NON_LITERAL_NULL_CONVERSION = YES;
				CLANG_WARN_OBJC_IMPLICIT_RETAIN_SELF = YES;
				CLANG_WARN_OBJC_LITERAL_CONVERSION = YES;
				CLANG_WARN_OBJC_ROOT_CLASS = YES_ERROR;
				CLANG_WARN_QUOTED_INCLUDE_IN_FRAMEWORK_HEADER = YES;
				CLANG_WARN_RANGE_LOOP_ANALYSIS = YES;
				CLANG_WARN_STRICT_PROTOTYPES = YES;
				CLANG_WARN_SUSPICIOUS_MOVE = YES;
				CLANG_WARN_UNGUARDED_AVAILABILITY = YES_AGGRESSIVE;
				CLANG_WARN_UNREACHABLE_CODE = YES;
				CLANG_WARN__DUPLICATE_METHOD_MATCH = YES;
				COPY_PHASE_STRIP = NO;
				DEBUG_INFORMATION_FORMAT = "dwarf-with-dsym";
				ENABLE_NS_ASSERTIONS = NO;
				ENABLE_STRICT_OBJC_MSGSEND = YES;
				GCC_C_LANGUAGE_STANDARD = gnu11;
				GCC_NO_COMMON_BLOCKS = YES;
				GCC_WARN_64_TO_32_BIT_CONVERSION = YES;
				GCC_WARN_ABOUT_RETURN_TYPE = YES_ERROR;
				GCC_WARN_UNDECLARED_SELECTOR = YES;
				GCC_WARN_UNINITIALIZED_AUTOS = YES_AGGRESSIVE;
				GCC_WARN_UNUSED_FUNCTION = YES;
				GCC_WARN_UNUSED_VARIABLE = YES;
				IPHONEOS_DEPLOYMENT_TARGET = 14.5;
				MTL_ENABLE_DEBUG_INFO = NO;
				MTL_FAST_MATH = YES;
				SDKROOT = iphoneos;
				SWIFT_COMPILATION_MODE = wholemodule;
				SWIFT_OPTIMIZATION_LEVEL = "-O";
				VALIDATE_PRODUCT = YES;
			};
			name = Release;
		};
		B729393326DEBC2500ABD499 /* Debug */ = {
			isa = XCBuildConfiguration;
			buildSettings = {
				ASSETCATALOG_COMPILER_APPICON_NAME = AppIcon;
				ASSETCATALOG_COMPILER_GLOBAL_ACCENT_COLOR_NAME = AccentColor;
				CODE_SIGN_STYLE = Automatic;
				INFOPLIST_FILE = Prework/Info.plist;
				LD_RUNPATH_SEARCH_PATHS = (
					"$(inherited)",
					"@executable_path/Frameworks",
				);
				PRODUCT_BUNDLE_IDENTIFIER = memo.com.Prework;
				PRODUCT_NAME = "$(TARGET_NAME)";
				SWIFT_VERSION = 5.0;
				TARGETED_DEVICE_FAMILY = "1,2";
			};
			name = Debug;
		};
		B729393426DEBC2500ABD499 /* Release */ = {
			isa = XCBuildConfiguration;
			buildSettings = {
				ASSETCATALOG_COMPILER_APPICON_NAME = AppIcon;
				ASSETCATALOG_COMPILER_GLOBAL_ACCENT_COLOR_NAME = AccentColor;
				CODE_SIGN_STYLE = Automatic;
				INFOPLIST_FILE = Prework/Info.plist;
				LD_RUNPATH_SEARCH_PATHS = (
					"$(inherited)",
					"@executable_path/Frameworks",
				);
				PRODUCT_BUNDLE_IDENTIFIER = memo.com.Prework;
				PRODUCT_NAME = "$(TARGET_NAME)";
				SWIFT_VERSION = 5.0;
				TARGETED_DEVICE_FAMILY = "1,2";
			};
			name = Release;
		};
		B729393626DEBC2500ABD499 /* Debug */ = {
			isa = XCBuildConfiguration;
			buildSettings = {
				ALWAYS_EMBED_SWIFT_STANDARD_LIBRARIES = YES;
				BUNDLE_LOADER = "$(TEST_HOST)";
				CODE_SIGN_STYLE = Automatic;
				INFOPLIST_FILE = PreworkTests/Info.plist;
				IPHONEOS_DEPLOYMENT_TARGET = 14.5;
				LD_RUNPATH_SEARCH_PATHS = (
					"$(inherited)",
					"@executable_path/Frameworks",
					"@loader_path/Frameworks",
				);
				PRODUCT_BUNDLE_IDENTIFIER = memo.com.PreworkTests;
				PRODUCT_NAME = "$(TARGET_NAME)";
				SWIFT_VERSION = 5.0;
				TARGETED_DEVICE_FAMILY = "1,2";
				TEST_HOST = "$(BUILT_PRODUCTS_DIR)/Prework.app/Prework";
			};
			name = Debug;
		};
		B729393726DEBC2500ABD499 /* Release */ = {
			isa = XCBuildConfiguration;
			buildSettings = {
				ALWAYS_EMBED_SWIFT_STANDARD_LIBRARIES = YES;
				BUNDLE_LOADER = "$(TEST_HOST)";
				CODE_SIGN_STYLE = Automatic;
				INFOPLIST_FILE = PreworkTests/Info.plist;
				IPHONEOS_DEPLOYMENT_TARGET = 14.5;
				LD_RUNPATH_SEARCH_PATHS = (
					"$(inherited)",
					"@executable_path/Frameworks",
					"@loader_path/Frameworks",
				);
				PRODUCT_BUNDLE_IDENTIFIER = memo.com.PreworkTests;
				PRODUCT_NAME = "$(TARGET_NAME)";
				SWIFT_VERSION = 5.0;
				TARGETED_DEVICE_FAMILY = "1,2";
				TEST_HOST = "$(BUILT_PRODUCTS_DIR)/Prework.app/Prework";
			};
			name = Release;
		};
		B729393926DEBC2500ABD499 /* Debug */ = {
			isa = XCBuildConfiguration;
			buildSettings = {
				ALWAYS_EMBED_SWIFT_STANDARD_LIBRARIES = YES;
				CODE_SIGN_STYLE = Automatic;
				INFOPLIST_FILE = PreworkUITests/Info.plist;
				LD_RUNPATH_SEARCH_PATHS = (
					"$(inherited)",
					"@executable_path/Frameworks",
					"@loader_path/Frameworks",
				);
				PRODUCT_BUNDLE_IDENTIFIER = memo.com.PreworkUITests;
				PRODUCT_NAME = "$(TARGET_NAME)";
				SWIFT_VERSION = 5.0;
				TARGETED_DEVICE_FAMILY = "1,2";
				TEST_TARGET_NAME = Prework;
			};
			name = Debug;
		};
		B729393A26DEBC2500ABD499 /* Release */ = {
			isa = XCBuildConfiguration;
			buildSettings = {
				ALWAYS_EMBED_SWIFT_STANDARD_LIBRARIES = YES;
				CODE_SIGN_STYLE = Automatic;
				INFOPLIST_FILE = PreworkUITests/Info.plist;
				LD_RUNPATH_SEARCH_PATHS = (
					"$(inherited)",
					"@executable_path/Frameworks",
					"@loader_path/Frameworks",
				);
				PRODUCT_BUNDLE_IDENTIFIER = memo.com.PreworkUITests;
				PRODUCT_NAME = "$(TARGET_NAME)";
				SWIFT_VERSION = 5.0;
				TARGETED_DEVICE_FAMILY = "1,2";
				TEST_TARGET_NAME = Prework;
			};
			name = Release;
		};
/* End XCBuildConfiguration section */

/* Begin XCConfigurationList section */
		B729390326DEBC2400ABD499 /* Build configuration list for PBXProject "Prework" */ = {
			isa = XCConfigurationList;
			buildConfigurations = (
				B729393026DEBC2500ABD499 /* Debug */,
				B729393126DEBC2500ABD499 /* Release */,
			);
			defaultConfigurationIsVisible = 0;
			defaultConfigurationName = Release;
		};
		B729393226DEBC2500ABD499 /* Build configuration list for PBXNativeTarget "Prework" */ = {
			isa = XCConfigurationList;
			buildConfigurations = (
				B729393326DEBC2500ABD499 /* Debug */,
				B729393426DEBC2500ABD499 /* Release */,
			);
			defaultConfigurationIsVisible = 0;
			defaultConfigurationName = Release;
		};
		B729393526DEBC2500ABD499 /* Build configuration list for PBXNativeTarget "PreworkTests" */ = {
			isa = XCConfigurationList;
			buildConfigurations = (
				B729393626DEBC2500ABD499 /* Debug */,
				B729393726DEBC2500ABD499 /* Release */,
			);
			defaultConfigurationIsVisible = 0;
			defaultConfigurationName = Release;
		};
		B729393826DEBC2500ABD499 /* Build configuration list for PBXNativeTarget "PreworkUITests" */ = {
			isa = XCConfigurationList;
			buildConfigurations = (
				B729393926DEBC2500ABD499 /* Debug */,
				B729393A26DEBC2500ABD499 /* Release */,
			);
			defaultConfigurationIsVisible = 0;
			defaultConfigurationName = Release;
		};
/* End XCConfigurationList section */
	};
	rootObject = B729390026DEBC2400ABD499 /* Project object */;
}
